
Microsoft Visual Studio Solution File, Format Version 12.00
# Visual Studio 14
VisualStudioVersion = 14.0.25420.1
MinimumVisualStudioVersion = 10.0.40219.1
Project("{FAE04EC0-301F-11D3-BF4B-00C04F79EFBC}") = "Animation", "Animation\Animation.csproj", "{86FFECE9-5621-49CD-BBD1-28073E494471}"
EndProject
Global
	GlobalSection(SolutionConfigurationPlatforms) = preSolution
		Ad-Hoc|iPhone = Ad-Hoc|iPhone
		Ad-Hoc|iPhoneSimulator = Ad-Hoc|iPhoneSimulator
		AppStore|iPhone = AppStore|iPhone
		AppStore|iPhoneSimulator = AppStore|iPhoneSimulator
		Debug|iPhone = Debug|iPhone
		Debug|iPhoneSimulator = Debug|iPhoneSimulator
		Release|iPhone = Release|iPhone
		Release|iPhoneSimulator = Release|iPhoneSimulator
	EndGlobalSection
	GlobalSection(ProjectConfigurationPlatforms) = postSolution
		{86FFECE9-5621-49CD-BBD1-28073E494471}.Ad-Hoc|iPhone.ActiveCfg = Ad-Hoc|iPhone
		{86FFECE9-5621-49CD-BBD1-28073E494471}.Ad-Hoc|iPhone.Build.0 = Ad-Hoc|iPhone
		{86FFECE9-5621-49CD-BBD1-28073E494471}.Ad-Hoc|iPhoneSimulator.ActiveCfg = Ad-Hoc|iPhoneSimulator
		{86FFECE9-5621-49CD-BBD1-28073E494471}.Ad-Hoc|iPhoneSimulator.Build.0 = Ad-Hoc|iPhoneSimulator
		{86FFECE9-5621-49CD-BBD1-28073E494471}.AppStore|iPhone.ActiveCfg = AppStore|iPhone
		{86FFECE9-5621-49CD-BBD1-28073E494471}.AppStore|iPhone.Build.0 = AppStore|iPhone
		{86FFECE9-5621-49CD-BBD1-28073E494471}.AppStore|iPhoneSimulator.ActiveCfg = AppStore|iPhoneSimulator
		{86FFECE9-5621-49CD-BBD1-28073E494471}.AppStore|iPhoneSimulator.Build.0 = AppStore|iPhoneSimulator
		{86FFECE9-5621-49CD-BBD1-28073E494471}.Debug|iPhone.ActiveCfg = Debug|iPhone
		{86FFECE9-5621-49CD-BBD1-28073E494471}.Debug|iPhone.Build.0 = Debug|iPhone
		{86FFECE9-5621-49CD-BBD1-28073E494471}.Debug|iPhoneSimulator.ActiveCfg = Debug|iPhoneSimulator
		{86FFECE9-5621-49CD-BBD1-28073E494471}.Debug|iPhoneSimulator.Build.0 = Debug|iPhoneSimulator
		{86FFECE9-5621-49CD-BBD1-28073E494471}.Release|iPhone.ActiveCfg = Release|iPhone
		{86FFECE9-5621-49CD-BBD1-28073E494471}.Release|iPhone.Build.0 = Release|iPhone
		{86FFECE9-5621-49CD-BBD1-28073E494471}.Release|iPhoneSimulator.ActiveCfg = Release|iPhoneSimulator
		{86FFECE9-5621-49CD-BBD1-28073E494471}.Release|iPhoneSimulator.Build.0 = Release|iPhoneSimulator
	EndGlobalSection
	GlobalSection(SolutionProperties) = preSolution
		HideSolutionNode = FALSE
	EndGlobalSection
EndGlobal
